// !$*UTF8*$!
{
	archiveVersion = 1;
	classes = {
	};
	objectVersion = 51;
	objects = {

/* Begin PBXBuildFile section */
		052C846E2469912E00973854 /* SLPictureBrowsingViewController.swift in Sources */ = {isa = PBXBuildFile; fileRef = 052C84652469912C00973854 /* SLPictureBrowsingViewController.swift */; };
		052C846F2469912E00973854 /* SLTableViewCell.swift in Sources */ = {isa = PBXBuildFile; fileRef = 052C84662469912C00973854 /* SLTableViewCell.swift */; };
		052C84702469912E00973854 /* ViewController.swift in Sources */ = {isa = PBXBuildFile; fileRef = 052C84672469912D00973854 /* ViewController.swift */; };
		052C84712469912E00973854 /* SLPictureBrowsingCell.swift in Sources */ = {isa = PBXBuildFile; fileRef = 052C84682469912D00973854 /* SLPictureBrowsingCell.swift */; };
		052C84722469912E00973854 /* SLPresenter.swift in Sources */ = {isa = PBXBuildFile; fileRef = 052C84692469912D00973854 /* SLPresenter.swift */; };
		052C84732469912E00973854 /* SLPictureZoomView.swift in Sources */ = {isa = PBXBuildFile; fileRef = 052C846A2469912D00973854 /* SLPictureZoomView.swift */; };
		052C84742469912E00973854 /* SLPictureTransitionAnimation.swift in Sources */ = {isa = PBXBuildFile; fileRef = 052C846B2469912D00973854 /* SLPictureTransitionAnimation.swift */; };
		052C84752469912E00973854 /* SLWebViewController.swift in Sources */ = {isa = PBXBuildFile; fileRef = 052C846C2469912D00973854 /* SLWebViewController.swift */; };
		052C84762469912E00973854 /* SLNavigationController.swift in Sources */ = {isa = PBXBuildFile; fileRef = 052C846D2469912E00973854 /* SLNavigationController.swift */; };
		052C847D2469914100973854 /* 爱你@3x.png in Resources */ = {isa = PBXBuildFile; fileRef = 052C84782469914000973854 /* 爱你@3x.png */; };
		052C847E2469914100973854 /* 爱你@2x.png in Resources */ = {isa = PBXBuildFile; fileRef = 052C84792469914000973854 /* 爱你@2x.png */; };
		052C847F2469914100973854 /* Data.plist in Resources */ = {isa = PBXBuildFile; fileRef = 052C847A2469914000973854 /* Data.plist */; };
		052C84802469914100973854 /* photo@2x.png in Resources */ = {isa = PBXBuildFile; fileRef = 052C847B2469914000973854 /* photo@2x.png */; };
		052C84812469914100973854 /* placeholderImage.png in Resources */ = {isa = PBXBuildFile; fileRef = 052C847C2469914000973854 /* placeholderImage.png */; };
		054A15C1246B0E2E009E20F4 /* TrendCommentController.swift in Sources */ = {isa = PBXBuildFile; fileRef = 054A15C0246B0E2E009E20F4 /* TrendCommentController.swift */; };
		054A15C3246B0ECE009E20F4 /* TrendComment.storyboard in Resources */ = {isa = PBXBuildFile; fileRef = 054A15C2246B0ECE009E20F4 /* TrendComment.storyboard */; };
		054A15C6246BA3AF009E20F4 /* TrendCommentNavi.swift in Sources */ = {isa = PBXBuildFile; fileRef = 054A15C5246BA3AF009E20F4 /* TrendCommentNavi.swift */; };
		054A15C8246BDEA5009E20F4 /* CommentModel.swift in Sources */ = {isa = PBXBuildFile; fileRef = 054A15C7246BDEA5009E20F4 /* CommentModel.swift */; };
		054A15CB246BDF93009E20F4 /* CoreDataHandler.swift in Sources */ = {isa = PBXBuildFile; fileRef = 054A15CA246BDF93009E20F4 /* CoreDataHandler.swift */; };
		054A15CD246BDFFE009E20F4 /* MyURLProtocol.swift in Sources */ = {isa = PBXBuildFile; fileRef = 054A15CC246BDFFE009E20F4 /* MyURLProtocol.swift */; };
		054A15D3246BE2A0009E20F4 /* CommentCell.swift in Sources */ = {isa = PBXBuildFile; fileRef = 054A15D2246BE2A0009E20F4 /* CommentCell.swift */; };
		054A15D5246BE2D6009E20F4 /* BaseTool.swift in Sources */ = {isa = PBXBuildFile; fileRef = 054A15D4246BE2D6009E20F4 /* BaseTool.swift */; };
		05EE8EF324641F3B00F87B39 /* AppDelegate.swift in Sources */ = {isa = PBXBuildFile; fileRef = 05EE8EF224641F3B00F87B39 /* AppDelegate.swift */; };
		05EE8EF524641F3B00F87B39 /* SceneDelegate.swift in Sources */ = {isa = PBXBuildFile; fileRef = 05EE8EF424641F3B00F87B39 /* SceneDelegate.swift */; };
		05EE8EFA24641F3B00F87B39 /* Main.storyboard in Resources */ = {isa = PBXBuildFile; fileRef = 05EE8EF824641F3B00F87B39 /* Main.storyboard */; };
		05EE8EFD24641F3B00F87B39 /* circles.xcdatamodeld in Sources */ = {isa = PBXBuildFile; fileRef = 05EE8EFB24641F3B00F87B39 /* circles.xcdatamodeld */; };
		05EE8EFF24641F4D00F87B39 /* Assets.xcassets in Resources */ = {isa = PBXBuildFile; fileRef = 05EE8EFE24641F4D00F87B39 /* Assets.xcassets */; };
		05EE8F0224641F4D00F87B39 /* LaunchScreen.storyboard in Resources */ = {isa = PBXBuildFile; fileRef = 05EE8F0024641F4D00F87B39 /* LaunchScreen.storyboard */; };
		05EE8F0F2464330500F87B39 /* CirclesViewController.swift in Sources */ = {isa = PBXBuildFile; fileRef = 05EE8F0E2464330500F87B39 /* CirclesViewController.swift */; };
		05EE8F112464332800F87B39 /* MineViewController.swift in Sources */ = {isa = PBXBuildFile; fileRef = 05EE8F102464332800F87B39 /* MineViewController.swift */; };
		05EE8F1524644B8000F87B39 /* TabBarController.swift in Sources */ = {isa = PBXBuildFile; fileRef = 05EE8F1424644B8000F87B39 /* TabBarController.swift */; };
		05EE8F17246456ED00F87B39 /* NavigationController.swift in Sources */ = {isa = PBXBuildFile; fileRef = 05EE8F16246456ED00F87B39 /* NavigationController.swift */; };
		4D29EFD52469A11C006AF0A4 /* TrendsPublishController.swift in Sources */ = {isa = PBXBuildFile; fileRef = 4D29EFD42469A11C006AF0A4 /* TrendsPublishController.swift */; };
		4D29EFD72469A16C006AF0A4 /* TrendsPublish.storyboard in Resources */ = {isa = PBXBuildFile; fileRef = 4D29EFD62469A16C006AF0A4 /* TrendsPublish.storyboard */; };
		4D9319B82469D34800BF1BF9 /* AllCircles.storyboard in Resources */ = {isa = PBXBuildFile; fileRef = 4D9319B72469D34800BF1BF9 /* AllCircles.storyboard */; };
		4D9319BA2469D6B900BF1BF9 /* AllCirclesController.swift in Sources */ = {isa = PBXBuildFile; fileRef = 4D9319B92469D6B900BF1BF9 /* AllCirclesController.swift */; };
		DF5BBDB8246D86EF0008D6EF /* CommonService.swift in Sources */ = {isa = PBXBuildFile; fileRef = DF5BBDB7246D86EF0008D6EF /* CommonService.swift */; };
		DF5BBDBA246E61060008D6EF /* DbUtil.swift in Sources */ = {isa = PBXBuildFile; fileRef = DF5BBDB9246E61060008D6EF /* DbUtil.swift */; };
		DF6159B024695BCD00004A82 /* Reachability.swift in Sources */ = {isa = PBXBuildFile; fileRef = DF6159AF24695BCD00004A82 /* Reachability.swift */; };
		DF6159B224695D2D00004A82 /* LoadMoreTableCell.swift in Sources */ = {isa = PBXBuildFile; fileRef = DF6159B124695D2D00004A82 /* LoadMoreTableCell.swift */; };
		DF6159B82469C3E400004A82 /* FocusCirclesTableCell.swift in Sources */ = {isa = PBXBuildFile; fileRef = DF6159B72469C3E400004A82 /* FocusCirclesTableCell.swift */; };
		DF6159BA246A5EBA00004A82 /* FocusCirclesViewController.swift in Sources */ = {isa = PBXBuildFile; fileRef = DF6159B9246A5EBA00004A82 /* FocusCirclesViewController.swift */; };
		DF6159BC246A7EBE00004A82 /* CirclesTrendsViewController.swift in Sources */ = {isa = PBXBuildFile; fileRef = DF6159BB246A7EBE00004A82 /* CirclesTrendsViewController.swift */; };
		DF6159BE246A8C9900004A82 /* CircleTableCell.swift in Sources */ = {isa = PBXBuildFile; fileRef = DF6159BD246A8C9900004A82 /* CircleTableCell.swift */; };
		DFF43A43246C5CE3008A268E /* AllCirclesTableCell.swift in Sources */ = {isa = PBXBuildFile; fileRef = DFF43A42246C5CE3008A268E /* AllCirclesTableCell.swift */; };
		DFF43A45246C5D58008A268E /* FocusCircleCollectionCell.swift in Sources */ = {isa = PBXBuildFile; fileRef = DFF43A44246C5D58008A268E /* FocusCircleCollectionCell.swift */; };
		DFF43A47246C5D96008A268E /* OneFocusCircleTableCell.swift in Sources */ = {isa = PBXBuildFile; fileRef = DFF43A46246C5D96008A268E /* OneFocusCircleTableCell.swift */; };
		DFF43A49246D4CF5008A268E /* ApiDataUtil.swift in Sources */ = {isa = PBXBuildFile; fileRef = DFF43A48246D4CF5008A268E /* ApiDataUtil.swift */; };
		EA9DC81AE64F0E788E6B1012 /* Pods_circles.framework in Frameworks */ = {isa = PBXBuildFile; fileRef = 72B6E25CBAAC66EB5AD6B2F9 /* Pods_circles.framework */; };
/* End PBXBuildFile section */

/* Begin PBXFileReference section */
		052C84652469912C00973854 /* SLPictureBrowsingViewController.swift */ = {isa = PBXFileReference; fileEncoding = 4; lastKnownFileType = sourcecode.swift; path = SLPictureBrowsingViewController.swift; sourceTree = "<group>"; };
		052C84662469912C00973854 /* SLTableViewCell.swift */ = {isa = PBXFileReference; fileEncoding = 4; lastKnownFileType = sourcecode.swift; path = SLTableViewCell.swift; sourceTree = "<group>"; };
		052C84672469912D00973854 /* ViewController.swift */ = {isa = PBXFileReference; fileEncoding = 4; lastKnownFileType = sourcecode.swift; path = ViewController.swift; sourceTree = "<group>"; };
		052C84682469912D00973854 /* SLPictureBrowsingCell.swift */ = {isa = PBXFileReference; fileEncoding = 4; lastKnownFileType = sourcecode.swift; path = SLPictureBrowsingCell.swift; sourceTree = "<group>"; };
		052C84692469912D00973854 /* SLPresenter.swift */ = {isa = PBXFileReference; fileEncoding = 4; lastKnownFileType = sourcecode.swift; path = SLPresenter.swift; sourceTree = "<group>"; };
		052C846A2469912D00973854 /* SLPictureZoomView.swift */ = {isa = PBXFileReference; fileEncoding = 4; lastKnownFileType = sourcecode.swift; path = SLPictureZoomView.swift; sourceTree = "<group>"; };
		052C846B2469912D00973854 /* SLPictureTransitionAnimation.swift */ = {isa = PBXFileReference; fileEncoding = 4; lastKnownFileType = sourcecode.swift; path = SLPictureTransitionAnimation.swift; sourceTree = "<group>"; };
		052C846C2469912D00973854 /* SLWebViewController.swift */ = {isa = PBXFileReference; fileEncoding = 4; lastKnownFileType = sourcecode.swift; path = SLWebViewController.swift; sourceTree = "<group>"; };
		052C846D2469912E00973854 /* SLNavigationController.swift */ = {isa = PBXFileReference; fileEncoding = 4; lastKnownFileType = sourcecode.swift; path = SLNavigationController.swift; sourceTree = "<group>"; };
		052C84782469914000973854 /* 爱你@3x.png */ = {isa = PBXFileReference; lastKnownFileType = image.png; path = "爱你@3x.png"; sourceTree = "<group>"; };
		052C84792469914000973854 /* 爱你@2x.png */ = {isa = PBXFileReference; lastKnownFileType = image.png; path = "爱你@2x.png"; sourceTree = "<group>"; };
		052C847A2469914000973854 /* Data.plist */ = {isa = PBXFileReference; fileEncoding = 4; lastKnownFileType = text.plist.xml; path = Data.plist; sourceTree = "<group>"; };
		052C847B2469914000973854 /* photo@2x.png */ = {isa = PBXFileReference; lastKnownFileType = image.png; path = "photo@2x.png"; sourceTree = "<group>"; };
		052C847C2469914000973854 /* placeholderImage.png */ = {isa = PBXFileReference; lastKnownFileType = image.png; path = placeholderImage.png; sourceTree = "<group>"; };
		054A15C0246B0E2E009E20F4 /* TrendCommentController.swift */ = {isa = PBXFileReference; lastKnownFileType = sourcecode.swift; path = TrendCommentController.swift; sourceTree = "<group>"; };
		054A15C2246B0ECE009E20F4 /* TrendComment.storyboard */ = {isa = PBXFileReference; lastKnownFileType = file.storyboard; path = TrendComment.storyboard; sourceTree = "<group>"; };
		054A15C5246BA3AF009E20F4 /* TrendCommentNavi.swift */ = {isa = PBXFileReference; lastKnownFileType = sourcecode.swift; path = TrendCommentNavi.swift; sourceTree = "<group>"; };
		054A15C7246BDEA5009E20F4 /* CommentModel.swift */ = {isa = PBXFileReference; lastKnownFileType = sourcecode.swift; path = CommentModel.swift; sourceTree = "<group>"; };
		054A15CA246BDF93009E20F4 /* CoreDataHandler.swift */ = {isa = PBXFileReference; lastKnownFileType = sourcecode.swift; path = CoreDataHandler.swift; sourceTree = "<group>"; };
		054A15CC246BDFFE009E20F4 /* MyURLProtocol.swift */ = {isa = PBXFileReference; lastKnownFileType = sourcecode.swift; path = MyURLProtocol.swift; sourceTree = "<group>"; };
		054A15D2246BE2A0009E20F4 /* CommentCell.swift */ = {isa = PBXFileReference; lastKnownFileType = sourcecode.swift; path = CommentCell.swift; sourceTree = "<group>"; };
		054A15D4246BE2D6009E20F4 /* BaseTool.swift */ = {isa = PBXFileReference; lastKnownFileType = sourcecode.swift; path = BaseTool.swift; sourceTree = "<group>"; };
		05EE8EEF24641F3B00F87B39 /* circles.app */ = {isa = PBXFileReference; explicitFileType = wrapper.application; includeInIndex = 0; path = circles.app; sourceTree = BUILT_PRODUCTS_DIR; };
		05EE8EF224641F3B00F87B39 /* AppDelegate.swift */ = {isa = PBXFileReference; lastKnownFileType = sourcecode.swift; path = AppDelegate.swift; sourceTree = "<group>"; };
		05EE8EF424641F3B00F87B39 /* SceneDelegate.swift */ = {isa = PBXFileReference; lastKnownFileType = sourcecode.swift; path = SceneDelegate.swift; sourceTree = "<group>"; };
		05EE8EF924641F3B00F87B39 /* Base */ = {isa = PBXFileReference; lastKnownFileType = file.storyboard; name = Base; path = Base.lproj/Main.storyboard; sourceTree = "<group>"; };
		05EE8EFC24641F3B00F87B39 /* circles.xcdatamodel */ = {isa = PBXFileReference; lastKnownFileType = wrapper.xcdatamodel; path = circles.xcdatamodel; sourceTree = "<group>"; };
		05EE8EFE24641F4D00F87B39 /* Assets.xcassets */ = {isa = PBXFileReference; lastKnownFileType = folder.assetcatalog; path = Assets.xcassets; sourceTree = "<group>"; };
		05EE8F0124641F4D00F87B39 /* Base */ = {isa = PBXFileReference; lastKnownFileType = file.storyboard; name = Base; path = Base.lproj/LaunchScreen.storyboard; sourceTree = "<group>"; };
		05EE8F0324641F4D00F87B39 /* Info.plist */ = {isa = PBXFileReference; lastKnownFileType = text.plist.xml; path = Info.plist; sourceTree = "<group>"; };
		05EE8F0E2464330500F87B39 /* CirclesViewController.swift */ = {isa = PBXFileReference; lastKnownFileType = sourcecode.swift; path = CirclesViewController.swift; sourceTree = "<group>"; };
		05EE8F102464332800F87B39 /* MineViewController.swift */ = {isa = PBXFileReference; lastKnownFileType = sourcecode.swift; path = MineViewController.swift; sourceTree = "<group>"; };
		05EE8F1424644B8000F87B39 /* TabBarController.swift */ = {isa = PBXFileReference; lastKnownFileType = sourcecode.swift; path = TabBarController.swift; sourceTree = "<group>"; };
		05EE8F16246456ED00F87B39 /* NavigationController.swift */ = {isa = PBXFileReference; lastKnownFileType = sourcecode.swift; path = NavigationController.swift; sourceTree = "<group>"; };
		429CCCCDA74D30DAC185E5B2 /* Pods-circles.debug.xcconfig */ = {isa = PBXFileReference; includeInIndex = 1; lastKnownFileType = text.xcconfig; name = "Pods-circles.debug.xcconfig"; path = "Target Support Files/Pods-circles/Pods-circles.debug.xcconfig"; sourceTree = "<group>"; };
		4BA5E17F45846D2D145C07BF /* Pods-circles.release.xcconfig */ = {isa = PBXFileReference; includeInIndex = 1; lastKnownFileType = text.xcconfig; name = "Pods-circles.release.xcconfig"; path = "Target Support Files/Pods-circles/Pods-circles.release.xcconfig"; sourceTree = "<group>"; };
		4D29EFD42469A11C006AF0A4 /* TrendsPublishController.swift */ = {isa = PBXFileReference; lastKnownFileType = sourcecode.swift; path = TrendsPublishController.swift; sourceTree = "<group>"; };
		4D29EFD62469A16C006AF0A4 /* TrendsPublish.storyboard */ = {isa = PBXFileReference; lastKnownFileType = file.storyboard; path = TrendsPublish.storyboard; sourceTree = "<group>"; };
		4D9319B72469D34800BF1BF9 /* AllCircles.storyboard */ = {isa = PBXFileReference; lastKnownFileType = file.storyboard; path = AllCircles.storyboard; sourceTree = "<group>"; };
		4D9319B92469D6B900BF1BF9 /* AllCirclesController.swift */ = {isa = PBXFileReference; lastKnownFileType = sourcecode.swift; path = AllCirclesController.swift; sourceTree = "<group>"; };
		72B6E25CBAAC66EB5AD6B2F9 /* Pods_circles.framework */ = {isa = PBXFileReference; explicitFileType = wrapper.framework; includeInIndex = 0; path = Pods_circles.framework; sourceTree = BUILT_PRODUCTS_DIR; };
		DF5BBDB7246D86EF0008D6EF /* CommonService.swift */ = {isa = PBXFileReference; lastKnownFileType = sourcecode.swift; path = CommonService.swift; sourceTree = "<group>"; };
		DF5BBDB9246E61060008D6EF /* DbUtil.swift */ = {isa = PBXFileReference; lastKnownFileType = sourcecode.swift; path = DbUtil.swift; sourceTree = "<group>"; };
		DF6159AF24695BCD00004A82 /* Reachability.swift */ = {isa = PBXFileReference; lastKnownFileType = sourcecode.swift; path = Reachability.swift; sourceTree = "<group>"; };
		DF6159B124695D2D00004A82 /* LoadMoreTableCell.swift */ = {isa = PBXFileReference; lastKnownFileType = sourcecode.swift; path = LoadMoreTableCell.swift; sourceTree = "<group>"; };
		DF6159B72469C3E400004A82 /* FocusCirclesTableCell.swift */ = {isa = PBXFileReference; lastKnownFileType = sourcecode.swift; path = FocusCirclesTableCell.swift; sourceTree = "<group>"; };
		DF6159B9246A5EBA00004A82 /* FocusCirclesViewController.swift */ = {isa = PBXFileReference; lastKnownFileType = sourcecode.swift; path = FocusCirclesViewController.swift; sourceTree = "<group>"; };
		DF6159BB246A7EBE00004A82 /* CirclesTrendsViewController.swift */ = {isa = PBXFileReference; lastKnownFileType = sourcecode.swift; path = CirclesTrendsViewController.swift; sourceTree = "<group>"; };
		DF6159BD246A8C9900004A82 /* CircleTableCell.swift */ = {isa = PBXFileReference; lastKnownFileType = sourcecode.swift; path = CircleTableCell.swift; sourceTree = "<group>"; };
		DFF43A42246C5CE3008A268E /* AllCirclesTableCell.swift */ = {isa = PBXFileReference; lastKnownFileType = sourcecode.swift; path = AllCirclesTableCell.swift; sourceTree = "<group>"; };
		DFF43A44246C5D58008A268E /* FocusCircleCollectionCell.swift */ = {isa = PBXFileReference; lastKnownFileType = sourcecode.swift; path = FocusCircleCollectionCell.swift; sourceTree = "<group>"; };
		DFF43A46246C5D96008A268E /* OneFocusCircleTableCell.swift */ = {isa = PBXFileReference; lastKnownFileType = sourcecode.swift; path = OneFocusCircleTableCell.swift; sourceTree = "<group>"; };
		DFF43A48246D4CF5008A268E /* ApiDataUtil.swift */ = {isa = PBXFileReference; lastKnownFileType = sourcecode.swift; path = ApiDataUtil.swift; sourceTree = "<group>"; };
/* End PBXFileReference section */

/* Begin PBXFrameworksBuildPhase section */
		05EE8EEC24641F3B00F87B39 /* Frameworks */ = {
			isa = PBXFrameworksBuildPhase;
			buildActionMask = 2147483647;
			files = (
				EA9DC81AE64F0E788E6B1012 /* Pods_circles.framework in Frameworks */,
			);
			runOnlyForDeploymentPostprocessing = 0;
		};
/* End PBXFrameworksBuildPhase section */

/* Begin PBXGroup section */
		052C84772469914000973854 /* Resource */ = {
			isa = PBXGroup;
			children = (
				052C84782469914000973854 /* 爱你@3x.png */,
				052C84792469914000973854 /* 爱你@2x.png */,
				052C847A2469914000973854 /* Data.plist */,
				052C847B2469914000973854 /* photo@2x.png */,
				052C847C2469914000973854 /* placeholderImage.png */,
			);
			name = Resource;
			path = trends/Resource;
			sourceTree = "<group>";
		};
		054A15C4246B9FF4009E20F4 /* TrendComment */ = {
			isa = PBXGroup;
			children = (
				054A15C0246B0E2E009E20F4 /* TrendCommentController.swift */,
				054A15C2246B0ECE009E20F4 /* TrendComment.storyboard */,
				054A15C5246BA3AF009E20F4 /* TrendCommentNavi.swift */,
				054A15C7246BDEA5009E20F4 /* CommentModel.swift */,
				054A15CA246BDF93009E20F4 /* CoreDataHandler.swift */,
				054A15CC246BDFFE009E20F4 /* MyURLProtocol.swift */,
				054A15D2246BE2A0009E20F4 /* CommentCell.swift */,
				054A15D4246BE2D6009E20F4 /* BaseTool.swift */,
			);
			path = TrendComment;
			sourceTree = "<group>";
		};
		05EE8EE624641F3A00F87B39 = {
			isa = PBXGroup;
			children = (
				05EE8EF124641F3B00F87B39 /* circles */,
				05EE8EF024641F3B00F87B39 /* Products */,
				BE1A2F26307BADE10C2B6040 /* Pods */,
				C878BBCBE4F6AC1FA3E9E3FB /* Frameworks */,
			);
			sourceTree = "<group>";
		};
		05EE8EF024641F3B00F87B39 /* Products */ = {
			isa = PBXGroup;
			children = (
				05EE8EEF24641F3B00F87B39 /* circles.app */,
			);
			name = Products;
			sourceTree = "<group>";
		};
		05EE8EF124641F3B00F87B39 /* circles */ = {
			isa = PBXGroup;
			children = (
				052C84772469914000973854 /* Resource */,
				05EE8F1224644B1600F87B39 /* global_controllers */,
				05EE8F0B2464322200F87B39 /* mine */,
				05EE8F0A2464321500F87B39 /* circles */,
				05EE8F092464320D00F87B39 /* trends */,
				05EE8EF224641F3B00F87B39 /* AppDelegate.swift */,
				05EE8EF424641F3B00F87B39 /* SceneDelegate.swift */,
				05EE8EF824641F3B00F87B39 /* Main.storyboard */,
				05EE8EFE24641F4D00F87B39 /* Assets.xcassets */,
				05EE8F0024641F4D00F87B39 /* LaunchScreen.storyboard */,
				05EE8F0324641F4D00F87B39 /* Info.plist */,
				05EE8EFB24641F3B00F87B39 /* circles.xcdatamodeld */,
			);
			path = circles;
			sourceTree = "<group>";
		};
		05EE8F092464320D00F87B39 /* trends */ = {
			isa = PBXGroup;
			children = (
				054A15C4246B9FF4009E20F4 /* TrendComment */,
				052C846D2469912E00973854 /* SLNavigationController.swift */,
				052C84682469912D00973854 /* SLPictureBrowsingCell.swift */,
				052C84652469912C00973854 /* SLPictureBrowsingViewController.swift */,
				052C846B2469912D00973854 /* SLPictureTransitionAnimation.swift */,
				052C846A2469912D00973854 /* SLPictureZoomView.swift */,
				052C84692469912D00973854 /* SLPresenter.swift */,
				052C84662469912C00973854 /* SLTableViewCell.swift */,
				052C846C2469912D00973854 /* SLWebViewController.swift */,
				052C84672469912D00973854 /* ViewController.swift */,
				4D29EFD42469A11C006AF0A4 /* TrendsPublishController.swift */,
				4D29EFD62469A16C006AF0A4 /* TrendsPublish.storyboard */,
				4D9319B72469D34800BF1BF9 /* AllCircles.storyboard */,
				4D9319B92469D6B900BF1BF9 /* AllCirclesController.swift */,
			);
			path = trends;
			sourceTree = "<group>";
		};
		05EE8F0A2464321500F87B39 /* circles */ = {
			isa = PBXGroup;
			children = (
				05EE8F0E2464330500F87B39 /* CirclesViewController.swift */,
				DF6159AF24695BCD00004A82 /* Reachability.swift */,
				DF6159B124695D2D00004A82 /* LoadMoreTableCell.swift */,
				DFF43A44246C5D58008A268E /* FocusCircleCollectionCell.swift */,
				DF6159B72469C3E400004A82 /* FocusCirclesTableCell.swift */,
				DF6159B9246A5EBA00004A82 /* FocusCirclesViewController.swift */,
				DF6159BB246A7EBE00004A82 /* CirclesTrendsViewController.swift */,
				DF6159BD246A8C9900004A82 /* CircleTableCell.swift */,
				DFF43A42246C5CE3008A268E /* AllCirclesTableCell.swift */,
				DFF43A46246C5D96008A268E /* OneFocusCircleTableCell.swift */,
				DFF43A48246D4CF5008A268E /* ApiDataUtil.swift */,
				DF5BBDB7246D86EF0008D6EF /* CommonService.swift */,
				DF5BBDB9246E61060008D6EF /* DbUtil.swift */,
			);
			path = circles;
			sourceTree = "<group>";
		};
		05EE8F0B2464322200F87B39 /* mine */ = {
			isa = PBXGroup;
			children = (
				05EE8F102464332800F87B39 /* MineViewController.swift */,
			);
			path = mine;
			sourceTree = "<group>";
		};
		05EE8F1224644B1600F87B39 /* global_controllers */ = {
			isa = PBXGroup;
			children = (
				05EE8F1424644B8000F87B39 /* TabBarController.swift */,
				05EE8F16246456ED00F87B39 /* NavigationController.swift */,
			);
			path = global_controllers;
			sourceTree = "<group>";
		};
		BE1A2F26307BADE10C2B6040 /* Pods */ = {
			isa = PBXGroup;
			children = (
				429CCCCDA74D30DAC185E5B2 /* Pods-circles.debug.xcconfig */,
				4BA5E17F45846D2D145C07BF /* Pods-circles.release.xcconfig */,
			);
			path = Pods;
			sourceTree = "<group>";
		};
		C878BBCBE4F6AC1FA3E9E3FB /* Frameworks */ = {
			isa = PBXGroup;
			children = (
				72B6E25CBAAC66EB5AD6B2F9 /* Pods_circles.framework */,
			);
			name = Frameworks;
			sourceTree = "<group>";
		};
/* End PBXGroup section */

/* Begin PBXNativeTarget section */
		05EE8EEE24641F3B00F87B39 /* circles */ = {
			isa = PBXNativeTarget;
			buildConfigurationList = 05EE8F0624641F4D00F87B39 /* Build configuration list for PBXNativeTarget "circles" */;
			buildPhases = (
				C9200FADED68A5C83A378103 /* [CP] Check Pods Manifest.lock */,
				05EE8EEB24641F3B00F87B39 /* Sources */,
				05EE8EEC24641F3B00F87B39 /* Frameworks */,
				05EE8EED24641F3B00F87B39 /* Resources */,
				3F08E9E9CF63FD69548C8A96 /* [CP] Embed Pods Frameworks */,
			);
			buildRules = (
			);
			dependencies = (
			);
			name = circles;
			productName = circles;
			productReference = 05EE8EEF24641F3B00F87B39 /* circles.app */;
			productType = "com.apple.product-type.application";
		};
/* End PBXNativeTarget section */

/* Begin PBXProject section */
		05EE8EE724641F3A00F87B39 /* Project object */ = {
			isa = PBXProject;
			attributes = {
				LastSwiftUpdateCheck = 1140;
				LastUpgradeCheck = 1140;
				ORGANIZATIONNAME = group4;
				TargetAttributes = {
					05EE8EEE24641F3B00F87B39 = {
						CreatedOnToolsVersion = 11.4.1;
					};
				};
			};
			buildConfigurationList = 05EE8EEA24641F3A00F87B39 /* Build configuration list for PBXProject "circles" */;
			compatibilityVersion = "Xcode 9.3";
			developmentRegion = en;
			hasScannedForEncodings = 0;
			knownRegions = (
				en,
				Base,
			);
			mainGroup = 05EE8EE624641F3A00F87B39;
			productRefGroup = 05EE8EF024641F3B00F87B39 /* Products */;
			projectDirPath = "";
			projectRoot = "";
			targets = (
				05EE8EEE24641F3B00F87B39 /* circles */,
			);
		};
/* End PBXProject section */

/* Begin PBXResourcesBuildPhase section */
		05EE8EED24641F3B00F87B39 /* Resources */ = {
			isa = PBXResourcesBuildPhase;
			buildActionMask = 2147483647;
			files = (
				4D9319B82469D34800BF1BF9 /* AllCircles.storyboard in Resources */,
				052C847F2469914100973854 /* Data.plist in Resources */,
				054A15C3246B0ECE009E20F4 /* TrendComment.storyboard in Resources */,
				052C847D2469914100973854 /* 爱你@3x.png in Resources */,
				05EE8F0224641F4D00F87B39 /* LaunchScreen.storyboard in Resources */,
				4D29EFD72469A16C006AF0A4 /* TrendsPublish.storyboard in Resources */,
				05EE8EFF24641F4D00F87B39 /* Assets.xcassets in Resources */,
				05EE8EFA24641F3B00F87B39 /* Main.storyboard in Resources */,
				052C84812469914100973854 /* placeholderImage.png in Resources */,
				052C847E2469914100973854 /* 爱你@2x.png in Resources */,
				052C84802469914100973854 /* photo@2x.png in Resources */,
			);
			runOnlyForDeploymentPostprocessing = 0;
		};
/* End PBXResourcesBuildPhase section */

/* Begin PBXShellScriptBuildPhase section */
		3F08E9E9CF63FD69548C8A96 /* [CP] Embed Pods Frameworks */ = {
			isa = PBXShellScriptBuildPhase;
			buildActionMask = 2147483647;
			files = (
			);
			inputFileListPaths = (
				"${PODS_ROOT}/Target Support Files/Pods-circles/Pods-circles-frameworks-${CONFIGURATION}-input-files.xcfilelist",
			);
			name = "[CP] Embed Pods Frameworks";
			outputFileListPaths = (
				"${PODS_ROOT}/Target Support Files/Pods-circles/Pods-circles-frameworks-${CONFIGURATION}-output-files.xcfilelist",
			);
			runOnlyForDeploymentPostprocessing = 0;
			shellPath = /bin/sh;
			shellScript = "\"${PODS_ROOT}/Target Support Files/Pods-circles/Pods-circles-frameworks.sh\"\n";
			showEnvVarsInLog = 0;
		};
		C9200FADED68A5C83A378103 /* [CP] Check Pods Manifest.lock */ = {
			isa = PBXShellScriptBuildPhase;
			buildActionMask = 2147483647;
			files = (
			);
			inputFileListPaths = (
			);
			inputPaths = (
				"${PODS_PODFILE_DIR_PATH}/Podfile.lock",
				"${PODS_ROOT}/Manifest.lock",
			);
			name = "[CP] Check Pods Manifest.lock";
			outputFileListPaths = (
			);
			outputPaths = (
				"$(DERIVED_FILE_DIR)/Pods-circles-checkManifestLockResult.txt",
			);
			runOnlyForDeploymentPostprocessing = 0;
			shellPath = /bin/sh;
			shellScript = "diff \"${PODS_PODFILE_DIR_PATH}/Podfile.lock\" \"${PODS_ROOT}/Manifest.lock\" > /dev/null\nif [ $? != 0 ] ; then\n    # print error to STDERR\n    echo \"error: The sandbox is not in sync with the Podfile.lock. Run 'pod install' or update your CocoaPods installation.\" >&2\n    exit 1\nfi\n# This output is used by Xcode 'outputs' to avoid re-running this script phase.\necho \"SUCCESS\" > \"${SCRIPT_OUTPUT_FILE_0}\"\n";
			showEnvVarsInLog = 0;
		};
/* End PBXShellScriptBuildPhase section */

/* Begin PBXSourcesBuildPhase section */
		05EE8EEB24641F3B00F87B39 /* Sources */ = {
			isa = PBXSourcesBuildPhase;
			buildActionMask = 2147483647;
			files = (
				052C84752469912E00973854 /* SLWebViewController.swift in Sources */,
				054A15CB246BDF93009E20F4 /* CoreDataHandler.swift in Sources */,
				05EE8EFD24641F3B00F87B39 /* circles.xcdatamodeld in Sources */,
				DF6159BE246A8C9900004A82 /* CircleTableCell.swift in Sources */,
				05EE8F17246456ED00F87B39 /* NavigationController.swift in Sources */,
				05EE8EF324641F3B00F87B39 /* AppDelegate.swift in Sources */,
				052C84722469912E00973854 /* SLPresenter.swift in Sources */,
				054A15C8246BDEA5009E20F4 /* CommentModel.swift in Sources */,
				052C84742469912E00973854 /* SLPictureTransitionAnimation.swift in Sources */,
				054A15D5246BE2D6009E20F4 /* BaseTool.swift in Sources */,
				052C84732469912E00973854 /* SLPictureZoomView.swift in Sources */,
				DF5BBDB8246D86EF0008D6EF /* CommonService.swift in Sources */,
				052C84762469912E00973854 /* SLNavigationController.swift in Sources */,
				052C84712469912E00973854 /* SLPictureBrowsingCell.swift in Sources */,
				DFF43A43246C5CE3008A268E /* AllCirclesTableCell.swift in Sources */,
				DF6159BC246A7EBE00004A82 /* CirclesTrendsViewController.swift in Sources */,
				052C84702469912E00973854 /* ViewController.swift in Sources */,
				052C846E2469912E00973854 /* SLPictureBrowsingViewController.swift in Sources */,
				DF6159BA246A5EBA00004A82 /* FocusCirclesViewController.swift in Sources */,
				DFF43A49246D4CF5008A268E /* ApiDataUtil.swift in Sources */,
				054A15C1246B0E2E009E20F4 /* TrendCommentController.swift in Sources */,
				DFF43A47246C5D96008A268E /* OneFocusCircleTableCell.swift in Sources */,
				05EE8F1524644B8000F87B39 /* TabBarController.swift in Sources */,
				DF6159B224695D2D00004A82 /* LoadMoreTableCell.swift in Sources */,
				DF6159B82469C3E400004A82 /* FocusCirclesTableCell.swift in Sources */,
				DF6159B024695BCD00004A82 /* Reachability.swift in Sources */,
				4D9319BA2469D6B900BF1BF9 /* AllCirclesController.swift in Sources */,
				DF5BBDBA246E61060008D6EF /* DbUtil.swift in Sources */,
				054A15C6246BA3AF009E20F4 /* TrendCommentNavi.swift in Sources */,
				05EE8EF524641F3B00F87B39 /* SceneDelegate.swift in Sources */,
				DFF43A45246C5D58008A268E /* FocusCircleCollectionCell.swift in Sources */,
				4D29EFD52469A11C006AF0A4 /* TrendsPublishController.swift in Sources */,
				054A15D3246BE2A0009E20F4 /* CommentCell.swift in Sources */,
				05EE8F0F2464330500F87B39 /* CirclesViewController.swift in Sources */,
				052C846F2469912E00973854 /* SLTableViewCell.swift in Sources */,
				054A15CD246BDFFE009E20F4 /* MyURLProtocol.swift in Sources */,
				05EE8F112464332800F87B39 /* MineViewController.swift in Sources */,
			);
			runOnlyForDeploymentPostprocessing = 0;
		};
/* End PBXSourcesBuildPhase section */

/* Begin PBXVariantGroup section */
		05EE8EF824641F3B00F87B39 /* Main.storyboard */ = {
			isa = PBXVariantGroup;
			children = (
				05EE8EF924641F3B00F87B39 /* Base */,
			);
			name = Main.storyboard;
			sourceTree = "<group>";
		};
		05EE8F0024641F4D00F87B39 /* LaunchScreen.storyboard */ = {
			isa = PBXVariantGroup;
			children = (
				05EE8F0124641F4D00F87B39 /* Base */,
			);
			name = LaunchScreen.storyboard;
			sourceTree = "<group>";
		};
/* End PBXVariantGroup section */

/* Begin XCBuildConfiguration section */
		05EE8F0424641F4D00F87B39 /* Debug */ = {
			isa = XCBuildConfiguration;
			buildSettings = {
				ALWAYS_SEARCH_USER_PATHS = NO;
				CLANG_ANALYZER_NONNULL = YES;
				CLANG_ANALYZER_NUMBER_OBJECT_CONVERSION = YES_AGGRESSIVE;
				CLANG_CXX_LANGUAGE_STANDARD = "gnu++14";
				CLANG_CXX_LIBRARY = "libc++";
				CLANG_ENABLE_MODULES = YES;
				CLANG_ENABLE_OBJC_ARC = YES;
				CLANG_ENABLE_OBJC_WEAK = YES;
				CLANG_WARN_BLOCK_CAPTURE_AUTORELEASING = YES;
				CLANG_WARN_BOOL_CONVERSION = YES;
				CLANG_WARN_COMMA = YES;
				CLANG_WARN_CONSTANT_CONVERSION = YES;
				CLANG_WARN_DEPRECATED_OBJC_IMPLEMENTATIONS = YES;
				CLANG_WARN_DIRECT_OBJC_ISA_USAGE = YES_ERROR;
				CLANG_WARN_DOCUMENTATION_COMMENTS = YES;
				CLANG_WARN_EMPTY_BODY = YES;
				CLANG_WARN_ENUM_CONVERSION = YES;
				CLANG_WARN_INFINITE_RECURSION = YES;
				CLANG_WARN_INT_CONVERSION = YES;
				CLANG_WARN_NON_LITERAL_NULL_CONVERSION = YES;
				CLANG_WARN_OBJC_IMPLICIT_RETAIN_SELF = YES;
				CLANG_WARN_OBJC_LITERAL_CONVERSION = YES;
				CLANG_WARN_OBJC_ROOT_CLASS = YES_ERROR;
				CLANG_WARN_RANGE_LOOP_ANALYSIS = YES;
				CLANG_WARN_STRICT_PROTOTYPES = YES;
				CLANG_WARN_SUSPICIOUS_MOVE = YES;
				CLANG_WARN_UNGUARDED_AVAILABILITY = YES_AGGRESSIVE;
				CLANG_WARN_UNREACHABLE_CODE = YES;
				CLANG_WARN__DUPLICATE_METHOD_MATCH = YES;
				COPY_PHASE_STRIP = NO;
				DEBUG_INFORMATION_FORMAT = dwarf;
				ENABLE_STRICT_OBJC_MSGSEND = YES;
				ENABLE_TESTABILITY = YES;
				GCC_C_LANGUAGE_STANDARD = gnu11;
				GCC_DYNAMIC_NO_PIC = NO;
				GCC_NO_COMMON_BLOCKS = YES;
				GCC_OPTIMIZATION_LEVEL = 0;
				GCC_PREPROCESSOR_DEFINITIONS = (
					"DEBUG=1",
					"$(inherited)",
				);
				GCC_WARN_64_TO_32_BIT_CONVERSION = YES;
				GCC_WARN_ABOUT_RETURN_TYPE = YES_ERROR;
				GCC_WARN_UNDECLARED_SELECTOR = YES;
				GCC_WARN_UNINITIALIZED_AUTOS = YES_AGGRESSIVE;
				GCC_WARN_UNUSED_FUNCTION = YES;
				GCC_WARN_UNUSED_VARIABLE = YES;
				IPHONEOS_DEPLOYMENT_TARGET = 13.4;
				MTL_ENABLE_DEBUG_INFO = INCLUDE_SOURCE;
				MTL_FAST_MATH = YES;
				ONLY_ACTIVE_ARCH = YES;
				SDKROOT = iphoneos;
				SWIFT_ACTIVE_COMPILATION_CONDITIONS = DEBUG;
				SWIFT_OPTIMIZATION_LEVEL = "-Onone";
			};
			name = Debug;
		};
		05EE8F0524641F4D00F87B39 /* Release */ = {
			isa = XCBuildConfiguration;
			buildSettings = {
				ALWAYS_SEARCH_USER_PATHS = NO;
				CLANG_ANALYZER_NONNULL = YES;
				CLANG_ANALYZER_NUMBER_OBJECT_CONVERSION = YES_AGGRESSIVE;
				CLANG_CXX_LANGUAGE_STANDARD = "gnu++14";
				CLANG_CXX_LIBRARY = "libc++";
				CLANG_ENABLE_MODULES = YES;
				CLANG_ENABLE_OBJC_ARC = YES;
				CLANG_ENABLE_OBJC_WEAK = YES;
				CLANG_WARN_BLOCK_CAPTURE_AUTORELEASING = YES;
				CLANG_WARN_BOOL_CONVERSION = YES;
				CLANG_WARN_COMMA = YES;
				CLANG_WARN_CONSTANT_CONVERSION = YES;
				CLANG_WARN_DEPRECATED_OBJC_IMPLEMENTATIONS = YES;
				CLANG_WARN_DIRECT_OBJC_ISA_USAGE = YES_ERROR;
				CLANG_WARN_DOCUMENTATION_COMMENTS = YES;
				CLANG_WARN_EMPTY_BODY = YES;
				CLANG_WARN_ENUM_CONVERSION = YES;
				CLANG_WARN_INFINITE_RECURSION = YES;
				CLANG_WARN_INT_CONVERSION = YES;
				CLANG_WARN_NON_LITERAL_NULL_CONVERSION = YES;
				CLANG_WARN_OBJC_IMPLICIT_RETAIN_SELF = YES;
				CLANG_WARN_OBJC_LITERAL_CONVERSION = YES;
				CLANG_WARN_OBJC_ROOT_CLASS = YES_ERROR;
				CLANG_WARN_RANGE_LOOP_ANALYSIS = YES;
				CLANG_WARN_STRICT_PROTOTYPES = YES;
				CLANG_WARN_SUSPICIOUS_MOVE = YES;
				CLANG_WARN_UNGUARDED_AVAILABILITY = YES_AGGRESSIVE;
				CLANG_WARN_UNREACHABLE_CODE = YES;
				CLANG_WARN__DUPLICATE_METHOD_MATCH = YES;
				COPY_PHASE_STRIP = NO;
				DEBUG_INFORMATION_FORMAT = "dwarf-with-dsym";
				ENABLE_NS_ASSERTIONS = NO;
				ENABLE_STRICT_OBJC_MSGSEND = YES;
				GCC_C_LANGUAGE_STANDARD = gnu11;
				GCC_NO_COMMON_BLOCKS = YES;
				GCC_WARN_64_TO_32_BIT_CONVERSION = YES;
				GCC_WARN_ABOUT_RETURN_TYPE = YES_ERROR;
				GCC_WARN_UNDECLARED_SELECTOR = YES;
				GCC_WARN_UNINITIALIZED_AUTOS = YES_AGGRESSIVE;
				GCC_WARN_UNUSED_FUNCTION = YES;
				GCC_WARN_UNUSED_VARIABLE = YES;
				IPHONEOS_DEPLOYMENT_TARGET = 13.4;
				MTL_ENABLE_DEBUG_INFO = NO;
				MTL_FAST_MATH = YES;
				SDKROOT = iphoneos;
				SWIFT_COMPILATION_MODE = wholemodule;
				SWIFT_OPTIMIZATION_LEVEL = "-O";
				VALIDATE_PRODUCT = YES;
			};
			name = Release;
		};
		05EE8F0724641F4D00F87B39 /* Debug */ = {
			isa = XCBuildConfiguration;
			baseConfigurationReference = 429CCCCDA74D30DAC185E5B2 /* Pods-circles.debug.xcconfig */;
			buildSettings = {
				ASSETCATALOG_COMPILER_APPICON_NAME = AppIcon;
				CODE_SIGN_STYLE = Automatic;
				INFOPLIST_FILE = circles/Info.plist;
				LD_RUNPATH_SEARCH_PATHS = (
					"$(inherited)",
					"@executable_path/Frameworks",
				);
				PRODUCT_BUNDLE_IDENTIFIER = com.bjtu.circles;
				PRODUCT_NAME = "$(TARGET_NAME)";
				SWIFT_VERSION = 5.0;
				TARGETED_DEVICE_FAMILY = "1,2";
			};
			name = Debug;
		};
		05EE8F0824641F4D00F87B39 /* Release */ = {
			isa = XCBuildConfiguration;
			baseConfigurationReference = 4BA5E17F45846D2D145C07BF /* Pods-circles.release.xcconfig */;
			buildSettings = {
				ASSETCATALOG_COMPILER_APPICON_NAME = AppIcon;
				CODE_SIGN_STYLE = Automatic;
				INFOPLIST_FILE = circles/Info.plist;
				LD_RUNPATH_SEARCH_PATHS = (
					"$(inherited)",
					"@executable_path/Frameworks",
				);
				PRODUCT_BUNDLE_IDENTIFIER = com.bjtu.circles;
				PRODUCT_NAME = "$(TARGET_NAME)";
				SWIFT_VERSION = 5.0;
				TARGETED_DEVICE_FAMILY = "1,2";
			};
			name = Release;
		};
/* End XCBuildConfiguration section */

/* Begin XCConfigurationList section */
		05EE8EEA24641F3A00F87B39 /* Build configuration list for PBXProject "circles" */ = {
			isa = XCConfigurationList;
			buildConfigurations = (
				05EE8F0424641F4D00F87B39 /* Debug */,
				05EE8F0524641F4D00F87B39 /* Release */,
			);
			defaultConfigurationIsVisible = 0;
			defaultConfigurationName = Release;
		};
		05EE8F0624641F4D00F87B39 /* Build configuration list for PBXNativeTarget "circles" */ = {
			isa = XCConfigurationList;
			buildConfigurations = (
				05EE8F0724641F4D00F87B39 /* Debug */,
				05EE8F0824641F4D00F87B39 /* Release */,
			);
			defaultConfigurationIsVisible = 0;
			defaultConfigurationName = Release;
		};
/* End XCConfigurationList section */

/* Begin XCVersionGroup section */
		05EE8EFB24641F3B00F87B39 /* circles.xcdatamodeld */ = {
			isa = XCVersionGroup;
			children = (
				05EE8EFC24641F3B00F87B39 /* circles.xcdatamodel */,
			);
			currentVersion = 05EE8EFC24641F3B00F87B39 /* circles.xcdatamodel */;
			path = circles.xcdatamodeld;
			sourceTree = "<group>";
			versionGroupType = wrapper.xcdatamodel;
		};
/* End XCVersionGroup section */
	};
	rootObject = 05EE8EE724641F3A00F87B39 /* Project object */;
}
